
Microsoft Visual Studio Solution File, Format Version 12.00
# Visual Studio Version 17
VisualStudioVersion = 17.0.32126.317
MinimumVisualStudioVersion = 10.0.40219.1
Project("{FAE04EC0-301F-11D3-BF4B-00C04F79EFBC}") = "ConsoleApp3", "ConsoleApp3\ConsoleApp3.csproj", "{2940BBBB-AFDD-4488-8051-85E2E1F54553}"
EndProject
Global
	GlobalSection(SolutionConfigurationPlatforms) = preSolution
		Debug|Any CPU = Debug|Any CPU
		Release|Any CPU = Release|Any CPU
	EndGlobalSection
	GlobalSection(ProjectConfigurationPlatforms) = postSolution
		{2940BBBB-AFDD-4488-8051-85E2E1F54553}.Debug|Any CPU.ActiveCfg = Debug|Any CPU
		{2940BBBB-AFDD-4488-8051-85E2E1F54553}.Debug|Any CPU.Build.0 = Debug|Any CPU
		{2940BBBB-AFDD-4488-8051-85E2E1F54553}.Release|Any CPU.ActiveCfg = Release|Any CPU
		{2940BBBB-AFDD-4488-8051-85E2E1F54553}.Release|Any CPU.Build.0 = Release|Any CPU
	EndGlobalSection
	GlobalSection(SolutionProperties) = preSolution
		HideSolutionNode = FALSE
	EndGlobalSection
	GlobalSection(ExtensibilityGlobals) = postSolution
		SolutionGuid = {B54E020D-5137-489A-BEF0-F4C58BC2CD02}
	EndGlobalSection
EndGlobal
