
Microsoft Visual Studio Solution File, Format Version 12.00
# Visual Studio Version 17
VisualStudioVersion = 17.1.32228.430
MinimumVisualStudioVersion = 10.0.40219.1
Project("{9A19103F-16F7-4668-BE54-9A1E7A4F7556}") = "Gegevens", "Gegevens.csproj", "{D3C89DC2-B815-4B5B-A291-245072CF26DF}"
EndProject
Global
	GlobalSection(SolutionConfigurationPlatforms) = preSolution
		Debug|Any CPU = Debug|Any CPU
		Release|Any CPU = Release|Any CPU
	EndGlobalSection
	GlobalSection(ProjectConfigurationPlatforms) = postSolution
		{D3C89DC2-B815-4B5B-A291-245072CF26DF}.Debug|Any CPU.ActiveCfg = Debug|Any CPU
		{D3C89DC2-B815-4B5B-A291-245072CF26DF}.Debug|Any CPU.Build.0 = Debug|Any CPU
		{D3C89DC2-B815-4B5B-A291-245072CF26DF}.Release|Any CPU.ActiveCfg = Release|Any CPU
		{D3C89DC2-B815-4B5B-A291-245072CF26DF}.Release|Any CPU.Build.0 = Release|Any CPU
	EndGlobalSection
	GlobalSection(SolutionProperties) = preSolution
		HideSolutionNode = FALSE
	EndGlobalSection
	GlobalSection(ExtensibilityGlobals) = postSolution
		SolutionGuid = {3BDEDF52-A709-4E50-BDA0-5F6A284B6BF1}
	EndGlobalSection
EndGlobal
