
Microsoft Visual Studio Solution File, Format Version 12.00
# Visual Studio Version 17
VisualStudioVersion = 17.0.32126.317
MinimumVisualStudioVersion = 10.0.40219.1
Project("{FAE04EC0-301F-11D3-BF4B-00C04F79EFBC}") = "ConsoleApp4", "ConsoleApp4\ConsoleApp4.csproj", "{E941CFBC-9039-480E-964B-0EE2D0729C84}"
EndProject
Global
	GlobalSection(SolutionConfigurationPlatforms) = preSolution
		Debug|Any CPU = Debug|Any CPU
		Release|Any CPU = Release|Any CPU
	EndGlobalSection
	GlobalSection(ProjectConfigurationPlatforms) = postSolution
		{E941CFBC-9039-480E-964B-0EE2D0729C84}.Debug|Any CPU.ActiveCfg = Debug|Any CPU
		{E941CFBC-9039-480E-964B-0EE2D0729C84}.Debug|Any CPU.Build.0 = Debug|Any CPU
		{E941CFBC-9039-480E-964B-0EE2D0729C84}.Release|Any CPU.ActiveCfg = Release|Any CPU
		{E941CFBC-9039-480E-964B-0EE2D0729C84}.Release|Any CPU.Build.0 = Release|Any CPU
	EndGlobalSection
	GlobalSection(SolutionProperties) = preSolution
		HideSolutionNode = FALSE
	EndGlobalSection
	GlobalSection(ExtensibilityGlobals) = postSolution
		SolutionGuid = {6CF53728-CB04-4F65-AEE4-C6FD229ADAA9}
	EndGlobalSection
EndGlobal
